
Microsoft Visual Studio Solution File, Format Version 12.00
# Visual Studio Version 17
VisualStudioVersion = 17.10.35027.167
MinimumVisualStudioVersion = 10.0.40219.1
Project("{FAE04EC0-301F-11D3-BF4B-00C04F79EFBC}") = "PasswordManager", "PasswordManager\PasswordManager.csproj", "{A7277258-E12E-4D00-B0C7-945E712319FC}"
EndProject
Global
	GlobalSection(SolutionConfigurationPlatforms) = preSolution
		Debug|Any CPU = Debug|Any CPU
		Release|Any CPU = Release|Any CPU
	EndGlobalSection
	GlobalSection(ProjectConfigurationPlatforms) = postSolution
		{A7277258-E12E-4D00-B0C7-945E712319FC}.Debug|Any CPU.ActiveCfg = Debug|Any CPU
		{A7277258-E12E-4D00-B0C7-945E712319FC}.Debug|Any CPU.Build.0 = Debug|Any CPU
		{A7277258-E12E-4D00-B0C7-945E712319FC}.Release|Any CPU.ActiveCfg = Release|Any CPU
		{A7277258-E12E-4D00-B0C7-945E712319FC}.Release|Any CPU.Build.0 = Release|Any CPU
	EndGlobalSection
	GlobalSection(SolutionProperties) = preSolution
		HideSolutionNode = FALSE
	EndGlobalSection
	GlobalSection(ExtensibilityGlobals) = postSolution
		SolutionGuid = {A0CCAFAC-81E4-4382-A795-FE50C7B01F7F}
	EndGlobalSection
EndGlobal
